
Microsoft Visual Studio Solution File, Format Version 12.00
# Visual Studio Version 16
VisualStudioVersion = 16.0.34301.259
MinimumVisualStudioVersion = 10.0.40219.1
Project("{FAE04EC0-301F-11D3-BF4B-00C04F79EFBC}") = "ALA1", "ALA1\ALA1.csproj", "{D2F17873-CE8F-4FA0-AFEF-86E7F7EDCB53}"
EndProject
Global
	GlobalSection(SolutionConfigurationPlatforms) = preSolution
		Debug|Any CPU = Debug|Any CPU
		Release|Any CPU = Release|Any CPU
	EndGlobalSection
	GlobalSection(ProjectConfigurationPlatforms) = postSolution
		{D2F17873-CE8F-4FA0-AFEF-86E7F7EDCB53}.Debug|Any CPU.ActiveCfg = Debug|Any CPU
		{D2F17873-CE8F-4FA0-AFEF-86E7F7EDCB53}.Debug|Any CPU.Build.0 = Debug|Any CPU
		{D2F17873-CE8F-4FA0-AFEF-86E7F7EDCB53}.Release|Any CPU.ActiveCfg = Release|Any CPU
		{D2F17873-CE8F-4FA0-AFEF-86E7F7EDCB53}.Release|Any CPU.Build.0 = Release|Any CPU
	EndGlobalSection
	GlobalSection(SolutionProperties) = preSolution
		HideSolutionNode = FALSE
	EndGlobalSection
	GlobalSection(ExtensibilityGlobals) = postSolution
		SolutionGuid = {DD5B2357-0879-4771-B864-4B83FF22141A}
	EndGlobalSection
EndGlobal
